{
  "originHash" : "3f18dee98f73cac39f1acb77d7cf4aebab2f73db5e0be20b25ecbcb77880bade",
  "pins" : [
    {
      "identity" : "dswaveformimage",
      "kind" : "remoteSourceControl",
      "location" : "https://github.com/dmrschmidt/DSWaveformImage.git",
      "state" : {
        "revision" : "00afb7930863b9cc3bd011389d601735e548093c",
        "version" : "14.5.0"
      }
    }
  ],
  "version" : 3
}
